{
  "name": "Algolia-Upload-Records",
  "version": "1.0.0",
  "lockfileVersion": 1,
  "requires": true,
  "dependencies": {
    "@algolia/client-abtesting": {
      "version": "5.18.0",
      "resolved": "https://registry.npmmirror.com/@algolia/client-abtesting/-/client-abtesting-5.18.0.tgz",
      "integrity": "sha512-DLIrAukjsSrdMNNDx1ZTks72o4RH/1kOn8Wx5zZm8nnqFexG+JzY4SANnCNEjnFQPJTTvC+KpgiNW/CP2lumng==",
      "requires": {
        "@algolia/client-common": "5.18.0",
        "@algolia/requester-browser-xhr": "5.18.0",
        "@algolia/requester-fetch": "5.18.0",
        "@algolia/requester-node-http": "5.18.0"
      }
    },
    "@algolia/client-analytics": {
      "version": "5.18.0",
      "resolved": "https://registry.npmmirror.com/@algolia/client-analytics/-/client-analytics-5.18.0.tgz",
      "integrity": "sha512-0VpGG2uQW+h2aejxbG8VbnMCQ9ary9/ot7OASXi6OjE0SRkYQ/+pkW+q09+IScif3pmsVVYggmlMPtAsmYWHng==",
      "requires": {
        "@algolia/client-common": "5.18.0",
        "@algolia/requester-browser-xhr": "5.18.0",
        "@algolia/requester-fetch": "5.18.0",
        "@algolia/requester-node-http": "5.18.0"
      }
    },
    "@algolia/client-common": {
      "version": "5.18.0",
      "resolved": "https://registry.npmmirror.com/@algolia/client-common/-/client-common-5.18.0.tgz",
      "integrity": "sha512-X1WMSC+1ve2qlMsemyTF5bIjwipOT+m99Ng1Tyl36ZjQKTa54oajBKE0BrmM8LD8jGdtukAgkUhFoYOaRbMcmQ=="
    },
    "@algolia/client-insights": {
      "version": "5.18.0",
      "resolved": "https://registry.npmmirror.com/@algolia/client-insights/-/client-insights-5.18.0.tgz",
      "integrity": "sha512-FAJRNANUOSs/FgYOJ/Njqp+YTe4TMz2GkeZtfsw1TMiA5mVNRS/nnMpxas9771aJz7KTEWvK9GwqPs0K6RMYWg==",
      "requires": {
        "@algolia/client-common": "5.18.0",
        "@algolia/requester-browser-xhr": "5.18.0",
        "@algolia/requester-fetch": "5.18.0",
        "@algolia/requester-node-http": "5.18.0"
      }
    },
    "@algolia/client-personalization": {
      "version": "5.18.0",
      "resolved": "https://registry.npmmirror.com/@algolia/client-personalization/-/client-personalization-5.18.0.tgz",
      "integrity": "sha512-I2dc94Oiwic3SEbrRp8kvTZtYpJjGtg5y5XnqubgnA15AgX59YIY8frKsFG8SOH1n2rIhUClcuDkxYQNXJLg+w==",
      "requires": {
        "@algolia/client-common": "5.18.0",
        "@algolia/requester-browser-xhr": "5.18.0",
        "@algolia/requester-fetch": "5.18.0",
        "@algolia/requester-node-http": "5.18.0"
      }
    },
    "@algolia/client-query-suggestions": {
      "version": "5.18.0",
      "resolved": "https://registry.npmmirror.com/@algolia/client-query-suggestions/-/client-query-suggestions-5.18.0.tgz",
      "integrity": "sha512-x6XKIQgKFTgK/bMasXhghoEjHhmgoP61pFPb9+TaUJ32aKOGc65b12usiGJ9A84yS73UDkXS452NjyP50Knh/g==",
      "requires": {
        "@algolia/client-common": "5.18.0",
        "@algolia/requester-browser-xhr": "5.18.0",
        "@algolia/requester-fetch": "5.18.0",
        "@algolia/requester-node-http": "5.18.0"
      }
    },
    "@algolia/client-search": {
      "version": "5.18.0",
      "resolved": "https://registry.npmmirror.com/@algolia/client-search/-/client-search-5.18.0.tgz",
      "integrity": "sha512-qI3LcFsVgtvpsBGR7aNSJYxhsR+Zl46+958ODzg8aCxIcdxiK7QEVLMJMZAR57jGqW0Lg/vrjtuLFDMfSE53qA==",
      "requires": {
        "@algolia/client-common": "5.18.0",
        "@algolia/requester-browser-xhr": "5.18.0",
        "@algolia/requester-fetch": "5.18.0",
        "@algolia/requester-node-http": "5.18.0"
      }
    },
    "@algolia/ingestion": {
      "version": "1.18.0",
      "resolved": "https://registry.npmmirror.com/@algolia/ingestion/-/ingestion-1.18.0.tgz",
      "integrity": "sha512-bGvJg7HnGGm+XWYMDruZXWgMDPVt4yCbBqq8DM6EoaMBK71SYC4WMfIdJaw+ABqttjBhe6aKNRkWf/bbvYOGyw==",
      "requires": {
        "@algolia/client-common": "5.18.0",
        "@algolia/requester-browser-xhr": "5.18.0",
        "@algolia/requester-fetch": "5.18.0",
        "@algolia/requester-node-http": "5.18.0"
      }
    },
    "@algolia/monitoring": {
      "version": "1.18.0",
      "resolved": "https://registry.npmmirror.com/@algolia/monitoring/-/monitoring-1.18.0.tgz",
      "integrity": "sha512-lBssglINIeGIR+8KyzH05NAgAmn1BCrm5D2T6pMtr/8kbTHvvrm1Zvcltc5dKUQEFyyx3J5+MhNc7kfi8LdjVw==",
      "requires": {
        "@algolia/client-common": "5.18.0",
        "@algolia/requester-browser-xhr": "5.18.0",
        "@algolia/requester-fetch": "5.18.0",
        "@algolia/requester-node-http": "5.18.0"
      }
    },
    "@algolia/recommend": {
      "version": "5.18.0",
      "resolved": "https://registry.npmmirror.com/@algolia/recommend/-/recommend-5.18.0.tgz",
      "integrity": "sha512-uSnkm0cdAuFwdMp4pGT5vHVQ84T6AYpTZ3I0b3k/M3wg4zXDhl3aCiY8NzokEyRLezz/kHLEEcgb/tTTobOYVw==",
      "requires": {
        "@algolia/client-common": "5.18.0",
        "@algolia/requester-browser-xhr": "5.18.0",
        "@algolia/requester-fetch": "5.18.0",
        "@algolia/requester-node-http": "5.18.0"
      }
    },
    "@algolia/requester-browser-xhr": {
      "version": "5.18.0",
      "resolved": "https://registry.npmmirror.com/@algolia/requester-browser-xhr/-/requester-browser-xhr-5.18.0.tgz",
      "integrity": "sha512-1XFjW0C3pV0dS/9zXbV44cKI+QM4ZIz9cpatXpsjRlq6SUCpLID3DZHsXyE6sTb8IhyPaUjk78GEJT8/3hviqg==",
      "requires": {
        "@algolia/client-common": "5.18.0"
      }
    },
    "@algolia/requester-fetch": {
      "version": "5.18.0",
      "resolved": "https://registry.npmmirror.com/@algolia/requester-fetch/-/requester-fetch-5.18.0.tgz",
      "integrity": "sha512-0uodeNdAHz1YbzJh6C5xeQ4T6x5WGiUxUq3GOaT/R4njh5t78dq+Rb187elr7KtnjUmETVVuCvmEYaThfTHzNg==",
      "requires": {
        "@algolia/client-common": "5.18.0"
      }
    },
    "@algolia/requester-node-http": {
      "version": "5.18.0",
      "resolved": "https://registry.npmmirror.com/@algolia/requester-node-http/-/requester-node-http-5.18.0.tgz",
      "integrity": "sha512-tZCqDrqJ2YE2I5ukCQrYN8oiF6u3JIdCxrtKq+eniuLkjkO78TKRnXrVcKZTmfFJyyDK8q47SfDcHzAA3nHi6w==",
      "requires": {
        "@algolia/client-common": "5.18.0"
      }
    },
    "algoliasearch": {
      "version": "5.18.0",
      "resolved": "https://registry.npmmirror.com/algoliasearch/-/algoliasearch-5.18.0.tgz",
      "integrity": "sha512-/tfpK2A4FpS0o+S78o3YSdlqXr0MavJIDlFK3XZrlXLy7vaRXJvW5jYg3v5e/wCaF8y0IpMjkYLhoV6QqfpOgw==",
      "requires": {
        "@algolia/client-abtesting": "5.18.0",
        "@algolia/client-analytics": "5.18.0",
        "@algolia/client-common": "5.18.0",
        "@algolia/client-insights": "5.18.0",
        "@algolia/client-personalization": "5.18.0",
        "@algolia/client-query-suggestions": "5.18.0",
        "@algolia/client-search": "5.18.0",
        "@algolia/ingestion": "1.18.0",
        "@algolia/monitoring": "1.18.0",
        "@algolia/recommend": "5.18.0",
        "@algolia/requester-browser-xhr": "5.18.0",
        "@algolia/requester-fetch": "5.18.0",
        "@algolia/requester-node-http": "5.18.0"
      }
    }
  }
}
